
Microsoft Visual Studio Solution File, Format Version 12.00
Project("{FAE04EC0-301F-11D3-BF4B-00C04F79EFBC}") = "Sharpen.Analyzer", "Sharpen.Analyzer\Sharpen.Analyzer\Sharpen.Analyzer.csproj", "{EFED7FFA-1966-4F9D-9BAA-2CF6742FB553}"
EndProject
Project("{FAE04EC0-301F-11D3-BF4B-00C04F79EFBC}") = "Sharpen.Analyzer.Sample", "Sharpen.Analyzer\Sharpen.Analyzer.Sample\Sharpen.Analyzer.Sample.csproj", "{31C41312-472F-46C1-AF7F-34369EDC712A}"
EndProject
Project("{FAE04EC0-301F-11D3-BF4B-00C04F79EFBC}") = "Sharpen.Analyzer.Tests", "Sharpen.Analyzer\Sharpen.Analyzer.Tests\Sharpen.Analyzer.Tests.csproj", "{163025F8-4B21-43E1-9646-467962B27BC3}"
EndProject
Global
	GlobalSection(SolutionConfigurationPlatforms) = preSolution
		Debug|Any CPU = Debug|Any CPU
		Release|Any CPU = Release|Any CPU
	EndGlobalSection
	GlobalSection(ProjectConfigurationPlatforms) = postSolution
		{EFED7FFA-1966-4F9D-9BAA-2CF6742FB553}.Debug|Any CPU.ActiveCfg = Debug|Any CPU
		{EFED7FFA-1966-4F9D-9BAA-2CF6742FB553}.Debug|Any CPU.Build.0 = Debug|Any CPU
		{EFED7FFA-1966-4F9D-9BAA-2CF6742FB553}.Release|Any CPU.ActiveCfg = Release|Any CPU
		{EFED7FFA-1966-4F9D-9BAA-2CF6742FB553}.Release|Any CPU.Build.0 = Release|Any CPU
		{31C41312-472F-46C1-AF7F-34369EDC712A}.Debug|Any CPU.ActiveCfg = Debug|Any CPU
		{31C41312-472F-46C1-AF7F-34369EDC712A}.Debug|Any CPU.Build.0 = Debug|Any CPU
		{31C41312-472F-46C1-AF7F-34369EDC712A}.Release|Any CPU.ActiveCfg = Release|Any CPU
		{31C41312-472F-46C1-AF7F-34369EDC712A}.Release|Any CPU.Build.0 = Release|Any CPU
		{163025F8-4B21-43E1-9646-467962B27BC3}.Debug|Any CPU.ActiveCfg = Debug|Any CPU
		{163025F8-4B21-43E1-9646-467962B27BC3}.Debug|Any CPU.Build.0 = Debug|Any CPU
		{163025F8-4B21-43E1-9646-467962B27BC3}.Release|Any CPU.ActiveCfg = Release|Any CPU
		{163025F8-4B21-43E1-9646-467962B27BC3}.Release|Any CPU.Build.0 = Release|Any CPU
	EndGlobalSection
EndGlobal
